// !$*UTF8*$!
{
	archiveVersion = 1;
	classes = {
	};
	objectVersion = 46;
	objects = {

/* Begin PBXBuildFile section */
		3F4C5DB51EB282DE007F81F1 /* AppDelegate.swift in Sources */ = {isa = PBXBuildFile; fileRef = 3F4C5DB41EB282DE007F81F1 /* AppDelegate.swift */; };
		3F4C5DB71EB282DE007F81F1 /* ViewController.swift in Sources */ = {isa = PBXBuildFile; fileRef = 3F4C5DB61EB282DE007F81F1 /* ViewController.swift */; };
		3F4C5DBA1EB282DE007F81F1 /* Main.storyboard in Resources */ = {isa = PBXBuildFile; fileRef = 3F4C5DB81EB282DE007F81F1 /* Main.storyboard */; };
		3F4C5DBC1EB282DE007F81F1 /* Assets.xcassets in Resources */ = {isa = PBXBuildFile; fileRef = 3F4C5DBB1EB282DE007F81F1 /* Assets.xcassets */; };
		3F4C5DBF1EB282DE007F81F1 /* LaunchScreen.storyboard in Resources */ = {isa = PBXBuildFile; fileRef = 3F4C5DBD1EB282DE007F81F1 /* LaunchScreen.storyboard */; };
		3F4C5DCA1EB282DE007F81F1 /* MidSemAppTests.swift in Sources */ = {isa = PBXBuildFile; fileRef = 3F4C5DC91EB282DE007F81F1 /* MidSemAppTests.swift */; };
		3F4C5DD51EB282DE007F81F1 /* MidSemAppUITests.swift in Sources */ = {isa = PBXBuildFile; fileRef = 3F4C5DD41EB282DE007F81F1 /* MidSemAppUITests.swift */; };
		3F8805E01EBA6BEF00FB8A6C /* Screen Shot 2017-05-03 at 12.37.46 PM.png in Resources */ = {isa = PBXBuildFile; fileRef = 3F8805DE1EBA6BEF00FB8A6C /* Screen Shot 2017-05-03 at 12.37.46 PM.png */; };
		3F8805E11EBA6BEF00FB8A6C /* Screen Shot 2017-05-03 at 12.38.03 PM.png in Resources */ = {isa = PBXBuildFile; fileRef = 3F8805DF1EBA6BEF00FB8A6C /* Screen Shot 2017-05-03 at 12.38.03 PM.png */; };
		3F8805E41EBA6CFF00FB8A6C /* Screen Shot 2017-05-03 at 12.52.08 PM.png in Resources */ = {isa = PBXBuildFile; fileRef = 3F8805E21EBA6CFF00FB8A6C /* Screen Shot 2017-05-03 at 12.52.08 PM.png */; };
		3F8805E51EBA6CFF00FB8A6C /* Screen Shot 2017-05-03 at 12.54.01 PM.png in Resources */ = {isa = PBXBuildFile; fileRef = 3F8805E31EBA6CFF00FB8A6C /* Screen Shot 2017-05-03 at 12.54.01 PM.png */; };
/* End PBXBuildFile section */

/* Begin PBXContainerItemProxy section */
		3F4C5DC61EB282DE007F81F1 /* PBXContainerItemProxy */ = {
			isa = PBXContainerItemProxy;
			containerPortal = 3F4C5DA91EB282DE007F81F1 /* Project object */;
			proxyType = 1;
			remoteGlobalIDString = 3F4C5DB01EB282DE007F81F1;
			remoteInfo = MidSemApp;
		};
		3F4C5DD11EB282DE007F81F1 /* PBXContainerItemProxy */ = {
			isa = PBXContainerItemProxy;
			containerPortal = 3F4C5DA91EB282DE007F81F1 /* Project object */;
			proxyType = 1;
			remoteGlobalIDString = 3F4C5DB01EB282DE007F81F1;
			remoteInfo = MidSemApp;
		};
/* End PBXContainerItemProxy section */

/* Begin PBXFileReference section */
		3F4C5DB11EB282DE007F81F1 /* MidSemApp.app */ = {isa = PBXFileReference; explicitFileType = wrapper.application; includeInIndex = 0; path = MidSemApp.app; sourceTree = BUILT_PRODUCTS_DIR; };
		3F4C5DB41EB282DE007F81F1 /* AppDelegate.swift */ = {isa = PBXFileReference; lastKnownFileType = sourcecode.swift; path = AppDelegate.swift; sourceTree = "<group>"; };
		3F4C5DB61EB282DE007F81F1 /* ViewController.swift */ = {isa = PBXFileReference; lastKnownFileType = sourcecode.swift; path = ViewController.swift; sourceTree = "<group>"; };
		3F4C5DB91EB282DE007F81F1 /* Base */ = {isa = PBXFileReference; lastKnownFileType = file.storyboard; name = Base; path = Base.lproj/Main.storyboard; sourceTree = "<group>"; };
		3F4C5DBB1EB282DE007F81F1 /* Assets.xcassets */ = {isa = PBXFileReference; lastKnownFileType = folder.assetcatalog; path = Assets.xcassets; sourceTree = "<group>"; };
		3F4C5DBE1EB282DE007F81F1 /* Base */ = {isa = PBXFileReference; lastKnownFileType = file.storyboard; name = Base; path = Base.lproj/LaunchScreen.storyboard; sourceTree = "<group>"; };
		3F4C5DC01EB282DE007F81F1 /* Info.plist */ = {isa = PBXFileReference; lastKnownFileType = text.plist.xml; path = Info.plist; sourceTree = "<group>"; };
		3F4C5DC51EB282DE007F81F1 /* MidSemAppTests.xctest */ = {isa = PBXFileReference; explicitFileType = wrapper.cfbundle; includeInIndex = 0; path = MidSemAppTests.xctest; sourceTree = BUILT_PRODUCTS_DIR; };
		3F4C5DC91EB282DE007F81F1 /* MidSemAppTests.swift */ = {isa = PBXFileReference; lastKnownFileType = sourcecode.swift; path = MidSemAppTests.swift; sourceTree = "<group>"; };
		3F4C5DCB1EB282DE007F81F1 /* Info.plist */ = {isa = PBXFileReference; lastKnownFileType = text.plist.xml; path = Info.plist; sourceTree = "<group>"; };
		3F4C5DD01EB282DE007F81F1 /* MidSemAppUITests.xctest */ = {isa = PBXFileReference; explicitFileType = wrapper.cfbundle; includeInIndex = 0; path = MidSemAppUITests.xctest; sourceTree = BUILT_PRODUCTS_DIR; };
		3F4C5DD41EB282DE007F81F1 /* MidSemAppUITests.swift */ = {isa = PBXFileReference; lastKnownFileType = sourcecode.swift; path = MidSemAppUITests.swift; sourceTree = "<group>"; };
		3F4C5DD61EB282DE007F81F1 /* Info.plist */ = {isa = PBXFileReference; lastKnownFileType = text.plist.xml; path = Info.plist; sourceTree = "<group>"; };
		3F8805DE1EBA6BEF00FB8A6C /* Screen Shot 2017-05-03 at 12.37.46 PM.png */ = {isa = PBXFileReference; lastKnownFileType = image.png; name = "Screen Shot 2017-05-03 at 12.37.46 PM.png"; path = "../../../../Desktop/Screen Shot 2017-05-03 at 12.37.46 PM.png"; sourceTree = "<group>"; };
		3F8805DF1EBA6BEF00FB8A6C /* Screen Shot 2017-05-03 at 12.38.03 PM.png */ = {isa = PBXFileReference; lastKnownFileType = image.png; name = "Screen Shot 2017-05-03 at 12.38.03 PM.png"; path = "../../../../Desktop/Screen Shot 2017-05-03 at 12.38.03 PM.png"; sourceTree = "<group>"; };
		3F8805E21EBA6CFF00FB8A6C /* Screen Shot 2017-05-03 at 12.52.08 PM.png */ = {isa = PBXFileReference; lastKnownFileType = image.png; name = "Screen Shot 2017-05-03 at 12.52.08 PM.png"; path = "../../../../Desktop/Screen Shot 2017-05-03 at 12.52.08 PM.png"; sourceTree = "<group>"; };
		3F8805E31EBA6CFF00FB8A6C /* Screen Shot 2017-05-03 at 12.54.01 PM.png */ = {isa = PBXFileReference; lastKnownFileType = image.png; name = "Screen Shot 2017-05-03 at 12.54.01 PM.png"; path = "../../../../Desktop/Screen Shot 2017-05-03 at 12.54.01 PM.png"; sourceTree = "<group>"; };
/* End PBXFileReference section */

/* Begin PBXFrameworksBuildPhase section */
		3F4C5DAE1EB282DE007F81F1 /* Frameworks */ = {
			isa = PBXFrameworksBuildPhase;
			buildActionMask = 2147483647;
			files = (
			);
			runOnlyForDeploymentPostprocessing = 0;
		};
		3F4C5DC21EB282DE007F81F1 /* Frameworks */ = {
			isa = PBXFrameworksBuildPhase;
			buildActionMask = 2147483647;
			files = (
			);
			runOnlyForDeploymentPostprocessing = 0;
		};
		3F4C5DCD1EB282DE007F81F1 /* Frameworks */ = {
			isa = PBXFrameworksBuildPhase;
			buildActionMask = 2147483647;
			files = (
			);
			runOnlyForDeploymentPostprocessing = 0;
		};
/* End PBXFrameworksBuildPhase section */

/* Begin PBXGroup section */
		3F4C5DA81EB282DE007F81F1 = {
			isa = PBXGroup;
			children = (
				3F4C5DB31EB282DE007F81F1 /* MidSemApp */,
				3F4C5DC81EB282DE007F81F1 /* MidSemAppTests */,
				3F4C5DD31EB282DE007F81F1 /* MidSemAppUITests */,
				3F4C5DB21EB282DE007F81F1 /* Products */,
			);
			sourceTree = "<group>";
		};
		3F4C5DB21EB282DE007F81F1 /* Products */ = {
			isa = PBXGroup;
			children = (
				3F4C5DB11EB282DE007F81F1 /* MidSemApp.app */,
				3F4C5DC51EB282DE007F81F1 /* MidSemAppTests.xctest */,
				3F4C5DD01EB282DE007F81F1 /* MidSemAppUITests.xctest */,
			);
			name = Products;
			sourceTree = "<group>";
		};
		3F4C5DB31EB282DE007F81F1 /* MidSemApp */ = {
			isa = PBXGroup;
			children = (
				3F4C5DB41EB282DE007F81F1 /* AppDelegate.swift */,
				3F4C5DB61EB282DE007F81F1 /* ViewController.swift */,
				3F4C5DB81EB282DE007F81F1 /* Main.storyboard */,
				3F8805E21EBA6CFF00FB8A6C /* Screen Shot 2017-05-03 at 12.52.08 PM.png */,
				3F8805E31EBA6CFF00FB8A6C /* Screen Shot 2017-05-03 at 12.54.01 PM.png */,
				3F8805DE1EBA6BEF00FB8A6C /* Screen Shot 2017-05-03 at 12.37.46 PM.png */,
				3F8805DF1EBA6BEF00FB8A6C /* Screen Shot 2017-05-03 at 12.38.03 PM.png */,
				3F4C5DBB1EB282DE007F81F1 /* Assets.xcassets */,
				3F4C5DBD1EB282DE007F81F1 /* LaunchScreen.storyboard */,
				3F4C5DC01EB282DE007F81F1 /* Info.plist */,
			);
			path = MidSemApp;
			sourceTree = "<group>";
		};
		3F4C5DC81EB282DE007F81F1 /* MidSemAppTests */ = {
			isa = PBXGroup;
			children = (
				3F4C5DC91EB282DE007F81F1 /* MidSemAppTests.swift */,
				3F4C5DCB1EB282DE007F81F1 /* Info.plist */,
			);
			path = MidSemAppTests;
			sourceTree = "<group>";
		};
		3F4C5DD31EB282DE007F81F1 /* MidSemAppUITests */ = {
			isa = PBXGroup;
			children = (
				3F4C5DD41EB282DE007F81F1 /* MidSemAppUITests.swift */,
				3F4C5DD61EB282DE007F81F1 /* Info.plist */,
			);
			path = MidSemAppUITests;
			sourceTree = "<group>";
		};
/* End PBXGroup section */

/* Begin PBXNativeTarget section */
		3F4C5DB01EB282DE007F81F1 /* MidSemApp */ = {
			isa = PBXNativeTarget;
			buildConfigurationList = 3F4C5DD91EB282DE007F81F1 /* Build configuration list for PBXNativeTarget "MidSemApp" */;
			buildPhases = (
				3F4C5DAD1EB282DE007F81F1 /* Sources */,
				3F4C5DAE1EB282DE007F81F1 /* Frameworks */,
				3F4C5DAF1EB282DE007F81F1 /* Resources */,
			);
			buildRules = (
			);
			dependencies = (
			);
			name = MidSemApp;
			productName = MidSemApp;
			productReference = 3F4C5DB11EB282DE007F81F1 /* MidSemApp.app */;
			productType = "com.apple.product-type.application";
		};
		3F4C5DC41EB282DE007F81F1 /* MidSemAppTests */ = {
			isa = PBXNativeTarget;
			buildConfigurationList = 3F4C5DDC1EB282DE007F81F1 /* Build configuration list for PBXNativeTarget "MidSemAppTests" */;
			buildPhases = (
				3F4C5DC11EB282DE007F81F1 /* Sources */,
				3F4C5DC21EB282DE007F81F1 /* Frameworks */,
				3F4C5DC31EB282DE007F81F1 /* Resources */,
			);
			buildRules = (
			);
			dependencies = (
				3F4C5DC71EB282DE007F81F1 /* PBXTargetDependency */,
			);
			name = MidSemAppTests;
			productName = MidSemAppTests;
			productReference = 3F4C5DC51EB282DE007F81F1 /* MidSemAppTests.xctest */;
			productType = "com.apple.product-type.bundle.unit-test";
		};
		3F4C5DCF1EB282DE007F81F1 /* MidSemAppUITests */ = {
			isa = PBXNativeTarget;
			buildConfigurationList = 3F4C5DDF1EB282DE007F81F1 /* Build configuration list for PBXNativeTarget "MidSemAppUITests" */;
			buildPhases = (
				3F4C5DCC1EB282DE007F81F1 /* Sources */,
				3F4C5DCD1EB282DE007F81F1 /* Frameworks */,
				3F4C5DCE1EB282DE007F81F1 /* Resources */,
			);
			buildRules = (
			);
			dependencies = (
				3F4C5DD21EB282DE007F81F1 /* PBXTargetDependency */,
			);
			name = MidSemAppUITests;
			productName = MidSemAppUITests;
			productReference = 3F4C5DD01EB282DE007F81F1 /* MidSemAppUITests.xctest */;
			productType = "com.apple.product-type.bundle.ui-testing";
		};
/* End PBXNativeTarget section */

/* Begin PBXProject section */
		3F4C5DA91EB282DE007F81F1 /* Project object */ = {
			isa = PBXProject;
			attributes = {
				LastSwiftUpdateCheck = 0830;
				LastUpgradeCheck = 0830;
				ORGANIZATIONNAME = Student;
				TargetAttributes = {
					3F4C5DB01EB282DE007F81F1 = {
						CreatedOnToolsVersion = 8.3.2;
						ProvisioningStyle = Automatic;
					};
					3F4C5DC41EB282DE007F81F1 = {
						CreatedOnToolsVersion = 8.3.2;
						ProvisioningStyle = Automatic;
						TestTargetID = 3F4C5DB01EB282DE007F81F1;
					};
					3F4C5DCF1EB282DE007F81F1 = {
						CreatedOnToolsVersion = 8.3.2;
						ProvisioningStyle = Automatic;
						TestTargetID = 3F4C5DB01EB282DE007F81F1;
					};
				};
			};
			buildConfigurationList = 3F4C5DAC1EB282DE007F81F1 /* Build configuration list for PBXProject "MidSemApp" */;
			compatibilityVersion = "Xcode 3.2";
			developmentRegion = English;
			hasScannedForEncodings = 0;
			knownRegions = (
				en,
				Base,
			);
			mainGroup = 3F4C5DA81EB282DE007F81F1;
			productRefGroup = 3F4C5DB21EB282DE007F81F1 /* Products */;
			projectDirPath = "";
			projectRoot = "";
			targets = (
				3F4C5DB01EB282DE007F81F1 /* MidSemApp */,
				3F4C5DC41EB282DE007F81F1 /* MidSemAppTests */,
				3F4C5DCF1EB282DE007F81F1 /* MidSemAppUITests */,
			);
		};
/* End PBXProject section */

/* Begin PBXResourcesBuildPhase section */
		3F4C5DAF1EB282DE007F81F1 /* Resources */ = {
			isa = PBXResourcesBuildPhase;
			buildActionMask = 2147483647;
			files = (
				3F4C5DBF1EB282DE007F81F1 /* LaunchScreen.storyboard in Resources */,
				3F8805E51EBA6CFF00FB8A6C /* Screen Shot 2017-05-03 at 12.54.01 PM.png in Resources */,
				3F4C5DBC1EB282DE007F81F1 /* Assets.xcassets in Resources */,
				3F4C5DBA1EB282DE007F81F1 /* Main.storyboard in Resources */,
				3F8805E01EBA6BEF00FB8A6C /* Screen Shot 2017-05-03 at 12.37.46 PM.png in Resources */,
				3F8805E41EBA6CFF00FB8A6C /* Screen Shot 2017-05-03 at 12.52.08 PM.png in Resources */,
				3F8805E11EBA6BEF00FB8A6C /* Screen Shot 2017-05-03 at 12.38.03 PM.png in Resources */,
			);
			runOnlyForDeploymentPostprocessing = 0;
		};
		3F4C5DC31EB282DE007F81F1 /* Resources */ = {
			isa = PBXResourcesBuildPhase;
			buildActionMask = 2147483647;
			files = (
			);
			runOnlyForDeploymentPostprocessing = 0;
		};
		3F4C5DCE1EB282DE007F81F1 /* Resources */ = {
			isa = PBXResourcesBuildPhase;
			buildActionMask = 2147483647;
			files = (
			);
			runOnlyForDeploymentPostprocessing = 0;
		};
/* End PBXResourcesBuildPhase section */

/* Begin PBXSourcesBuildPhase section */
		3F4C5DAD1EB282DE007F81F1 /* Sources */ = {
			isa = PBXSourcesBuildPhase;
			buildActionMask = 2147483647;
			files = (
				3F4C5DB71EB282DE007F81F1 /* ViewController.swift in Sources */,
				3F4C5DB51EB282DE007F81F1 /* AppDelegate.swift in Sources */,
			);
			runOnlyForDeploymentPostprocessing = 0;
		};
		3F4C5DC11EB282DE007F81F1 /* Sources */ = {
			isa = PBXSourcesBuildPhase;
			buildActionMask = 2147483647;
			files = (
				3F4C5DCA1EB282DE007F81F1 /* MidSemAppTests.swift in Sources */,
			);
			runOnlyForDeploymentPostprocessing = 0;
		};
		3F4C5DCC1EB282DE007F81F1 /* Sources */ = {
			isa = PBXSourcesBuildPhase;
			buildActionMask = 2147483647;
			files = (
				3F4C5DD51EB282DE007F81F1 /* MidSemAppUITests.swift in Sources */,
			);
			runOnlyForDeploymentPostprocessing = 0;
		};
/* End PBXSourcesBuildPhase section */

/* Begin PBXTargetDependency section */
		3F4C5DC71EB282DE007F81F1 /* PBXTargetDependency */ = {
			isa = PBXTargetDependency;
			target = 3F4C5DB01EB282DE007F81F1 /* MidSemApp */;
			targetProxy = 3F4C5DC61EB282DE007F81F1 /* PBXContainerItemProxy */;
		};
		3F4C5DD21EB282DE007F81F1 /* PBXTargetDependency */ = {
			isa = PBXTargetDependency;
			target = 3F4C5DB01EB282DE007F81F1 /* MidSemApp */;
			targetProxy = 3F4C5DD11EB282DE007F81F1 /* PBXContainerItemProxy */;
		};
/* End PBXTargetDependency section */

/* Begin PBXVariantGroup section */
		3F4C5DB81EB282DE007F81F1 /* Main.storyboard */ = {
			isa = PBXVariantGroup;
			children = (
				3F4C5DB91EB282DE007F81F1 /* Base */,
			);
			name = Main.storyboard;
			sourceTree = "<group>";
		};
		3F4C5DBD1EB282DE007F81F1 /* LaunchScreen.storyboard */ = {
			isa = PBXVariantGroup;
			children = (
				3F4C5DBE1EB282DE007F81F1 /* Base */,
			);
			name = LaunchScreen.storyboard;
			sourceTree = "<group>";
		};
/* End PBXVariantGroup section */

/* Begin XCBuildConfiguration section */
		3F4C5DD71EB282DE007F81F1 /* Debug */ = {
			isa = XCBuildConfiguration;
			buildSettings = {
				ALWAYS_SEARCH_USER_PATHS = NO;
				CLANG_ANALYZER_NONNULL = YES;
				CLANG_ANALYZER_NUMBER_OBJECT_CONVERSION = YES_AGGRESSIVE;
				CLANG_CXX_LANGUAGE_STANDARD = "gnu++0x";
				CLANG_CXX_LIBRARY = "libc++";
				CLANG_ENABLE_MODULES = YES;
				CLANG_ENABLE_OBJC_ARC = YES;
				CLANG_WARN_BOOL_CONVERSION = YES;
				CLANG_WARN_CONSTANT_CONVERSION = YES;
				CLANG_WARN_DIRECT_OBJC_ISA_USAGE = YES_ERROR;
				CLANG_WARN_DOCUMENTATION_COMMENTS = YES;
				CLANG_WARN_EMPTY_BODY = YES;
				CLANG_WARN_ENUM_CONVERSION = YES;
				CLANG_WARN_INFINITE_RECURSION = YES;
				CLANG_WARN_INT_CONVERSION = YES;
				CLANG_WARN_OBJC_ROOT_CLASS = YES_ERROR;
				CLANG_WARN_SUSPICIOUS_MOVE = YES;
				CLANG_WARN_UNREACHABLE_CODE = YES;
				CLANG_WARN__DUPLICATE_METHOD_MATCH = YES;
				"CODE_SIGN_IDENTITY[sdk=iphoneos*]" = "iPhone Developer";
				COPY_PHASE_STRIP = NO;
				DEBUG_INFORMATION_FORMAT = dwarf;
				ENABLE_STRICT_OBJC_MSGSEND = YES;
				ENABLE_TESTABILITY = YES;
				GCC_C_LANGUAGE_STANDARD = gnu99;
				GCC_DYNAMIC_NO_PIC = NO;
				GCC_NO_COMMON_BLOCKS = YES;
				GCC_OPTIMIZATION_LEVEL = 0;
				GCC_PREPROCESSOR_DEFINITIONS = (
					"DEBUG=1",
					"$(inherited)",
				);
				GCC_WARN_64_TO_32_BIT_CONVERSION = YES;
				GCC_WARN_ABOUT_RETURN_TYPE = YES_ERROR;
				GCC_WARN_UNDECLARED_SELECTOR = YES;
				GCC_WARN_UNINITIALIZED_AUTOS = YES_AGGRESSIVE;
				GCC_WARN_UNUSED_FUNCTION = YES;
				GCC_WARN_UNUSED_VARIABLE = YES;
				IPHONEOS_DEPLOYMENT_TARGET = 10.3;
				MTL_ENABLE_DEBUG_INFO = YES;
				ONLY_ACTIVE_ARCH = YES;
				SDKROOT = iphoneos;
				SWIFT_ACTIVE_COMPILATION_CONDITIONS = DEBUG;
				SWIFT_OPTIMIZATION_LEVEL = "-Onone";
				TARGETED_DEVICE_FAMILY = "1,2";
			};
			name = Debug;
		};
		3F4C5DD81EB282DE007F81F1 /* Release */ = {
			isa = XCBuildConfiguration;
			buildSettings = {
				ALWAYS_SEARCH_USER_PATHS = NO;
				CLANG_ANALYZER_NONNULL = YES;
				CLANG_ANALYZER_NUMBER_OBJECT_CONVERSION = YES_AGGRESSIVE;
				CLANG_CXX_LANGUAGE_STANDARD = "gnu++0x";
				CLANG_CXX_LIBRARY = "libc++";
				CLANG_ENABLE_MODULES = YES;
				CLANG_ENABLE_OBJC_ARC = YES;
				CLANG_WARN_BOOL_CONVERSION = YES;
				CLANG_WARN_CONSTANT_CONVERSION = YES;
				CLANG_WARN_DIRECT_OBJC_ISA_USAGE = YES_ERROR;
				CLANG_WARN_DOCUMENTATION_COMMENTS = YES;
				CLANG_WARN_EMPTY_BODY = YES;
				CLANG_WARN_ENUM_CONVERSION = YES;
				CLANG_WARN_INFINITE_RECURSION = YES;
				CLANG_WARN_INT_CONVERSION = YES;
				CLANG_WARN_OBJC_ROOT_CLASS = YES_ERROR;
				CLANG_WARN_SUSPICIOUS_MOVE = YES;
				CLANG_WARN_UNREACHABLE_CODE = YES;
				CLANG_WARN__DUPLICATE_METHOD_MATCH = YES;
				"CODE_SIGN_IDENTITY[sdk=iphoneos*]" = "iPhone Developer";
				COPY_PHASE_STRIP = NO;
				DEBUG_INFORMATION_FORMAT = "dwarf-with-dsym";
				ENABLE_NS_ASSERTIONS = NO;
				ENABLE_STRICT_OBJC_MSGSEND = YES;
				GCC_C_LANGUAGE_STANDARD = gnu99;
				GCC_NO_COMMON_BLOCKS = YES;
				GCC_WARN_64_TO_32_BIT_CONVERSION = YES;
				GCC_WARN_ABOUT_RETURN_TYPE = YES_ERROR;
				GCC_WARN_UNDECLARED_SELECTOR = YES;
				GCC_WARN_UNINITIALIZED_AUTOS = YES_AGGRESSIVE;
				GCC_WARN_UNUSED_FUNCTION = YES;
				GCC_WARN_UNUSED_VARIABLE = YES;
				IPHONEOS_DEPLOYMENT_TARGET = 10.3;
				MTL_ENABLE_DEBUG_INFO = NO;
				SDKROOT = iphoneos;
				SWIFT_OPTIMIZATION_LEVEL = "-Owholemodule";
				TARGETED_DEVICE_FAMILY = "1,2";
				VALIDATE_PRODUCT = YES;
			};
			name = Release;
		};
		3F4C5DDA1EB282DE007F81F1 /* Debug */ = {
			isa = XCBuildConfiguration;
			buildSettings = {
				ASSETCATALOG_COMPILER_APPICON_NAME = AppIcon;
				INFOPLIST_FILE = MidSemApp/Info.plist;
				LD_RUNPATH_SEARCH_PATHS = "$(inherited) @executable_path/Frameworks";
				PRODUCT_BUNDLE_IDENTIFIER = Kandi.MidSemApp;
				PRODUCT_NAME = "$(TARGET_NAME)";
				SWIFT_VERSION = 3.0;
			};
			name = Debug;
		};
		3F4C5DDB1EB282DE007F81F1 /* Release */ = {
			isa = XCBuildConfiguration;
			buildSettings = {
				ASSETCATALOG_COMPILER_APPICON_NAME = AppIcon;
				INFOPLIST_FILE = MidSemApp/Info.plist;
				LD_RUNPATH_SEARCH_PATHS = "$(inherited) @executable_path/Frameworks";
				PRODUCT_BUNDLE_IDENTIFIER = Kandi.MidSemApp;
				PRODUCT_NAME = "$(TARGET_NAME)";
				SWIFT_VERSION = 3.0;
			};
			name = Release;
		};
		3F4C5DDD1EB282DE007F81F1 /* Debug */ = {
			isa = XCBuildConfiguration;
			buildSettings = {
				ALWAYS_EMBED_SWIFT_STANDARD_LIBRARIES = YES;
				BUNDLE_LOADER = "$(TEST_HOST)";
				INFOPLIST_FILE = MidSemAppTests/Info.plist;
				LD_RUNPATH_SEARCH_PATHS = "$(inherited) @executable_path/Frameworks @loader_path/Frameworks";
				PRODUCT_BUNDLE_IDENTIFIER = Kandi.MidSemAppTests;
				PRODUCT_NAME = "$(TARGET_NAME)";
				SWIFT_VERSION = 3.0;
				TEST_HOST = "$(BUILT_PRODUCTS_DIR)/MidSemApp.app/MidSemApp";
			};
			name = Debug;
		};
		3F4C5DDE1EB282DE007F81F1 /* Release */ = {
			isa = XCBuildConfiguration;
			buildSettings = {
				ALWAYS_EMBED_SWIFT_STANDARD_LIBRARIES = YES;
				BUNDLE_LOADER = "$(TEST_HOST)";
				INFOPLIST_FILE = MidSemAppTests/Info.plist;
				LD_RUNPATH_SEARCH_PATHS = "$(inherited) @executable_path/Frameworks @loader_path/Frameworks";
				PRODUCT_BUNDLE_IDENTIFIER = Kandi.MidSemAppTests;
				PRODUCT_NAME = "$(TARGET_NAME)";
				SWIFT_VERSION = 3.0;
				TEST_HOST = "$(BUILT_PRODUCTS_DIR)/MidSemApp.app/MidSemApp";
			};
			name = Release;
		};
		3F4C5DE01EB282DE007F81F1 /* Debug */ = {
			isa = XCBuildConfiguration;
			buildSettings = {
				ALWAYS_EMBED_SWIFT_STANDARD_LIBRARIES = YES;
				INFOPLIST_FILE = MidSemAppUITests/Info.plist;
				LD_RUNPATH_SEARCH_PATHS = "$(inherited) @executable_path/Frameworks @loader_path/Frameworks";
				PRODUCT_BUNDLE_IDENTIFIER = Kandi.MidSemAppUITests;
				PRODUCT_NAME = "$(TARGET_NAME)";
				SWIFT_VERSION = 3.0;
				TEST_TARGET_NAME = MidSemApp;
			};
			name = Debug;
		};
		3F4C5DE11EB282DE007F81F1 /* Release */ = {
			isa = XCBuildConfiguration;
			buildSettings = {
				ALWAYS_EMBED_SWIFT_STANDARD_LIBRARIES = YES;
				INFOPLIST_FILE = MidSemAppUITests/Info.plist;
				LD_RUNPATH_SEARCH_PATHS = "$(inherited) @executable_path/Frameworks @loader_path/Frameworks";
				PRODUCT_BUNDLE_IDENTIFIER = Kandi.MidSemAppUITests;
				PRODUCT_NAME = "$(TARGET_NAME)";
				SWIFT_VERSION = 3.0;
				TEST_TARGET_NAME = MidSemApp;
			};
			name = Release;
		};
/* End XCBuildConfiguration section */

/* Begin XCConfigurationList section */
		3F4C5DAC1EB282DE007F81F1 /* Build configuration list for PBXProject "MidSemApp" */ = {
			isa = XCConfigurationList;
			buildConfigurations = (
				3F4C5DD71EB282DE007F81F1 /* Debug */,
				3F4C5DD81EB282DE007F81F1 /* Release */,
			);
			defaultConfigurationIsVisible = 0;
			defaultConfigurationName = Release;
		};
		3F4C5DD91EB282DE007F81F1 /* Build configuration list for PBXNativeTarget "MidSemApp" */ = {
			isa = XCConfigurationList;
			buildConfigurations = (
				3F4C5DDA1EB282DE007F81F1 /* Debug */,
				3F4C5DDB1EB282DE007F81F1 /* Release */,
			);
			defaultConfigurationIsVisible = 0;
			defaultConfigurationName = Release;
		};
		3F4C5DDC1EB282DE007F81F1 /* Build configuration list for PBXNativeTarget "MidSemAppTests" */ = {
			isa = XCConfigurationList;
			buildConfigurations = (
				3F4C5DDD1EB282DE007F81F1 /* Debug */,
				3F4C5DDE1EB282DE007F81F1 /* Release */,
			);
			defaultConfigurationIsVisible = 0;
			defaultConfigurationName = Release;
		};
		3F4C5DDF1EB282DE007F81F1 /* Build configuration list for PBXNativeTarget "MidSemAppUITests" */ = {
			isa = XCConfigurationList;
			buildConfigurations = (
				3F4C5DE01EB282DE007F81F1 /* Debug */,
				3F4C5DE11EB282DE007F81F1 /* Release */,
			);
			defaultConfigurationIsVisible = 0;
			defaultConfigurationName = Release;
		};
/* End XCConfigurationList section */
	};
	rootObject = 3F4C5DA91EB282DE007F81F1 /* Project object */;
}
